// !$*UTF8*$!
{
	archiveVersion = 1;
	classes = {
	};
	objectVersion = 48;
	objects = {

/* Begin PBXBuildFile section */
		ACEAB60E20882657009B8148 /* AppDelegate.swift in Sources */ = {isa = PBXBuildFile; fileRef = ACEAB60D20882657009B8148 /* AppDelegate.swift */; };
		ACEAB61020882657009B8148 /* MainFeedViewController.swift in Sources */ = {isa = PBXBuildFile; fileRef = ACEAB60F20882657009B8148 /* MainFeedViewController.swift */; };
		ACEAB61320882657009B8148 /* Main.storyboard in Resources */ = {isa = PBXBuildFile; fileRef = ACEAB61120882657009B8148 /* Main.storyboard */; };
		ACEAB61520882657009B8148 /* Assets.xcassets in Resources */ = {isa = PBXBuildFile; fileRef = ACEAB61420882657009B8148 /* Assets.xcassets */; };
		ACEAB61820882657009B8148 /* LaunchScreen.storyboard in Resources */ = {isa = PBXBuildFile; fileRef = ACEAB61620882657009B8148 /* LaunchScreen.storyboard */; };
		ACEAB62120882A14009B8148 /* StandingsCell.swift in Sources */ = {isa = PBXBuildFile; fileRef = ACEAB61F20882A14009B8148 /* StandingsCell.swift */; };
		ACEAB62220882A14009B8148 /* StandingsCell.xib in Resources */ = {isa = PBXBuildFile; fileRef = ACEAB62020882A14009B8148 /* StandingsCell.xib */; };
		ACEAB62420882A84009B8148 /* FeedCell.swift in Sources */ = {isa = PBXBuildFile; fileRef = ACEAB62320882A84009B8148 /* FeedCell.swift */; };
		ACEAB62A208B8B5A009B8148 /* Standings.swift in Sources */ = {isa = PBXBuildFile; fileRef = ACEAB629208B8B5A009B8148 /* Standings.swift */; };
		ACEAB62C208B8DFA009B8148 /* AllTeams.swift in Sources */ = {isa = PBXBuildFile; fileRef = ACEAB62B208B8DFA009B8148 /* AllTeams.swift */; };
		ACEAB62E208B9714009B8148 /* Extensions.swift in Sources */ = {isa = PBXBuildFile; fileRef = ACEAB62D208B9714009B8148 /* Extensions.swift */; };
		ACEAB631208B986B009B8148 /* RestApiManager.swift in Sources */ = {isa = PBXBuildFile; fileRef = ACEAB630208B986B009B8148 /* RestApiManager.swift */; };
		ACEAB633208B997A009B8148 /* Routes.swift in Sources */ = {isa = PBXBuildFile; fileRef = ACEAB632208B997A009B8148 /* Routes.swift */; };
		ACEAB639208C314D009B8148 /* StandingsBO.swift in Sources */ = {isa = PBXBuildFile; fileRef = ACEAB638208C314D009B8148 /* StandingsBO.swift */; };
		ACEAB63B208C35D7009B8148 /* AllTeamsBO.swift in Sources */ = {isa = PBXBuildFile; fileRef = ACEAB63A208C35D7009B8148 /* AllTeamsBO.swift */; };
		ACEAB63E208C3975009B8148 /* CacheManager.swift in Sources */ = {isa = PBXBuildFile; fileRef = ACEAB63D208C3975009B8148 /* CacheManager.swift */; };
		ACEAB640208CFCD9009B8148 /* AllTeamsViewController.swift in Sources */ = {isa = PBXBuildFile; fileRef = ACEAB63F208CFCD9009B8148 /* AllTeamsViewController.swift */; };
		ACEAB643208CFEE5009B8148 /* AllTeamsCell.swift in Sources */ = {isa = PBXBuildFile; fileRef = ACEAB641208CFEE5009B8148 /* AllTeamsCell.swift */; };
		ACEAB644208CFEE5009B8148 /* AllTeamsCell.xib in Resources */ = {isa = PBXBuildFile; fileRef = ACEAB642208CFEE5009B8148 /* AllTeamsCell.xib */; };
		ACEAB647208D61CE009B8148 /* StandingsViewController.swift in Sources */ = {isa = PBXBuildFile; fileRef = ACEAB646208D61CE009B8148 /* StandingsViewController.swift */; };
		ACEAB649208D64FC009B8148 /* StandingsViewController.xib in Resources */ = {isa = PBXBuildFile; fileRef = ACEAB648208D64FC009B8148 /* StandingsViewController.xib */; };
		ACEAB64B208D67A7009B8148 /* AllTeamsViewController.xib in Resources */ = {isa = PBXBuildFile; fileRef = ACEAB64A208D67A7009B8148 /* AllTeamsViewController.xib */; };
		ACEAB654208D862C009B8148 /* CompleteStandingsCell.swift in Sources */ = {isa = PBXBuildFile; fileRef = ACEAB652208D862C009B8148 /* CompleteStandingsCell.swift */; };
		ACEAB655208D862C009B8148 /* CompleteStandingsCell.xib in Resources */ = {isa = PBXBuildFile; fileRef = ACEAB653208D862C009B8148 /* CompleteStandingsCell.xib */; };
/* End PBXBuildFile section */

/* Begin PBXFileReference section */
		ACEAB60A20882657009B8148 /* NBA Teams.app */ = {isa = PBXFileReference; explicitFileType = wrapper.application; includeInIndex = 0; path = "NBA Teams.app"; sourceTree = BUILT_PRODUCTS_DIR; };
		ACEAB60D20882657009B8148 /* AppDelegate.swift */ = {isa = PBXFileReference; lastKnownFileType = sourcecode.swift; path = AppDelegate.swift; sourceTree = "<group>"; };
		ACEAB60F20882657009B8148 /* MainFeedViewController.swift */ = {isa = PBXFileReference; lastKnownFileType = sourcecode.swift; path = MainFeedViewController.swift; sourceTree = "<group>"; };
		ACEAB61220882657009B8148 /* Base */ = {isa = PBXFileReference; lastKnownFileType = file.storyboard; name = Base; path = Base.lproj/Main.storyboard; sourceTree = "<group>"; };
		ACEAB61420882657009B8148 /* Assets.xcassets */ = {isa = PBXFileReference; lastKnownFileType = folder.assetcatalog; path = Assets.xcassets; sourceTree = "<group>"; };
		ACEAB61720882657009B8148 /* Base */ = {isa = PBXFileReference; lastKnownFileType = file.storyboard; name = Base; path = Base.lproj/LaunchScreen.storyboard; sourceTree = "<group>"; };
		ACEAB61920882657009B8148 /* Info.plist */ = {isa = PBXFileReference; lastKnownFileType = text.plist.xml; path = Info.plist; sourceTree = "<group>"; };
		ACEAB61F20882A14009B8148 /* StandingsCell.swift */ = {isa = PBXFileReference; lastKnownFileType = sourcecode.swift; path = StandingsCell.swift; sourceTree = "<group>"; };
		ACEAB62020882A14009B8148 /* StandingsCell.xib */ = {isa = PBXFileReference; lastKnownFileType = file.xib; path = StandingsCell.xib; sourceTree = "<group>"; };
		ACEAB62320882A84009B8148 /* FeedCell.swift */ = {isa = PBXFileReference; lastKnownFileType = sourcecode.swift; path = FeedCell.swift; sourceTree = "<group>"; };
		ACEAB629208B8B5A009B8148 /* Standings.swift */ = {isa = PBXFileReference; lastKnownFileType = sourcecode.swift; path = Standings.swift; sourceTree = "<group>"; };
		ACEAB62B208B8DFA009B8148 /* AllTeams.swift */ = {isa = PBXFileReference; lastKnownFileType = sourcecode.swift; path = AllTeams.swift; sourceTree = "<group>"; };
		ACEAB62D208B9714009B8148 /* Extensions.swift */ = {isa = PBXFileReference; lastKnownFileType = sourcecode.swift; path = Extensions.swift; sourceTree = "<group>"; };
		ACEAB630208B986B009B8148 /* RestApiManager.swift */ = {isa = PBXFileReference; lastKnownFileType = sourcecode.swift; path = RestApiManager.swift; sourceTree = "<group>"; };
		ACEAB632208B997A009B8148 /* Routes.swift */ = {isa = PBXFileReference; lastKnownFileType = sourcecode.swift; path = Routes.swift; sourceTree = "<group>"; };
		ACEAB638208C314D009B8148 /* StandingsBO.swift */ = {isa = PBXFileReference; lastKnownFileType = sourcecode.swift; path = StandingsBO.swift; sourceTree = "<group>"; };
		ACEAB63A208C35D7009B8148 /* AllTeamsBO.swift */ = {isa = PBXFileReference; lastKnownFileType = sourcecode.swift; path = AllTeamsBO.swift; sourceTree = "<group>"; };
		ACEAB63D208C3975009B8148 /* CacheManager.swift */ = {isa = PBXFileReference; lastKnownFileType = sourcecode.swift; path = CacheManager.swift; sourceTree = "<group>"; };
		ACEAB63F208CFCD9009B8148 /* AllTeamsViewController.swift */ = {isa = PBXFileReference; lastKnownFileType = sourcecode.swift; path = AllTeamsViewController.swift; sourceTree = "<group>"; };
		ACEAB641208CFEE5009B8148 /* AllTeamsCell.swift */ = {isa = PBXFileReference; lastKnownFileType = sourcecode.swift; path = AllTeamsCell.swift; sourceTree = "<group>"; };
		ACEAB642208CFEE5009B8148 /* AllTeamsCell.xib */ = {isa = PBXFileReference; lastKnownFileType = file.xib; path = AllTeamsCell.xib; sourceTree = "<group>"; };
		ACEAB646208D61CE009B8148 /* StandingsViewController.swift */ = {isa = PBXFileReference; lastKnownFileType = sourcecode.swift; path = StandingsViewController.swift; sourceTree = "<group>"; };
		ACEAB648208D64FC009B8148 /* StandingsViewController.xib */ = {isa = PBXFileReference; lastKnownFileType = file.xib; path = StandingsViewController.xib; sourceTree = "<group>"; };
		ACEAB64A208D67A7009B8148 /* AllTeamsViewController.xib */ = {isa = PBXFileReference; lastKnownFileType = file.xib; path = AllTeamsViewController.xib; sourceTree = "<group>"; };
		ACEAB652208D862C009B8148 /* CompleteStandingsCell.swift */ = {isa = PBXFileReference; lastKnownFileType = sourcecode.swift; path = CompleteStandingsCell.swift; sourceTree = "<group>"; };
		ACEAB653208D862C009B8148 /* CompleteStandingsCell.xib */ = {isa = PBXFileReference; lastKnownFileType = file.xib; path = CompleteStandingsCell.xib; sourceTree = "<group>"; };
/* End PBXFileReference section */

/* Begin PBXFrameworksBuildPhase section */
		ACEAB60720882657009B8148 /* Frameworks */ = {
			isa = PBXFrameworksBuildPhase;
			buildActionMask = 2147483647;
			files = (
			);
			runOnlyForDeploymentPostprocessing = 0;
		};
/* End PBXFrameworksBuildPhase section */

/* Begin PBXGroup section */
		ACEAB60120882657009B8148 = {
			isa = PBXGroup;
			children = (
				ACEAB60C20882657009B8148 /* NBA Teams */,
				ACEAB60B20882657009B8148 /* Products */,
			);
			sourceTree = "<group>";
		};
		ACEAB60B20882657009B8148 /* Products */ = {
			isa = PBXGroup;
			children = (
				ACEAB60A20882657009B8148 /* NBA Teams.app */,
			);
			name = Products;
			sourceTree = "<group>";
		};
		ACEAB60C20882657009B8148 /* NBA Teams */ = {
			isa = PBXGroup;
			children = (
				ACEAB60D20882657009B8148 /* AppDelegate.swift */,
				ACEAB61920882657009B8148 /* Info.plist */,
				ACEAB61620882657009B8148 /* LaunchScreen.storyboard */,
				ACEAB62D208B9714009B8148 /* Extensions.swift */,
				ACEAB61420882657009B8148 /* Assets.xcassets */,
				ACEAB62F208B97DF009B8148 /* Mechanisms */,
				ACEAB627208B8AE8009B8148 /* Presentation */,
				ACEAB628208B8B2B009B8148 /* Models */,
				ACEAB63C208C363F009B8148 /* BusinessObjects */,
			);
			path = "NBA Teams";
			sourceTree = "<group>";
		};
		ACEAB625208B8A8B009B8148 /* FeedCells */ = {
			isa = PBXGroup;
			children = (
				ACEAB62320882A84009B8148 /* FeedCell.swift */,
				ACEAB64F208D6941009B8148 /* Standings */,
				ACEAB645208D45CD009B8148 /* AllTeams */,
			);
			path = FeedCells;
			sourceTree = "<group>";
		};
		ACEAB626208B8ABC009B8148 /* ViewControllers */ = {
			isa = PBXGroup;
			children = (
				ACEAB64C208D6911009B8148 /* MainFeed */,
				ACEAB64D208D691A009B8148 /* AllTeams */,
				ACEAB64E208D6928009B8148 /* Standings */,
			);
			path = ViewControllers;
			sourceTree = "<group>";
		};
		ACEAB627208B8AE8009B8148 /* Presentation */ = {
			isa = PBXGroup;
			children = (
				ACEAB625208B8A8B009B8148 /* FeedCells */,
				ACEAB626208B8ABC009B8148 /* ViewControllers */,
			);
			path = Presentation;
			sourceTree = "<group>";
		};
		ACEAB628208B8B2B009B8148 /* Models */ = {
			isa = PBXGroup;
			children = (
				ACEAB629208B8B5A009B8148 /* Standings.swift */,
				ACEAB62B208B8DFA009B8148 /* AllTeams.swift */,
			);
			path = Models;
			sourceTree = "<group>";
		};
		ACEAB62F208B97DF009B8148 /* Mechanisms */ = {
			isa = PBXGroup;
			children = (
				ACEAB630208B986B009B8148 /* RestApiManager.swift */,
				ACEAB632208B997A009B8148 /* Routes.swift */,
				ACEAB63D208C3975009B8148 /* CacheManager.swift */,
			);
			path = Mechanisms;
			sourceTree = "<group>";
		};
		ACEAB63C208C363F009B8148 /* BusinessObjects */ = {
			isa = PBXGroup;
			children = (
				ACEAB638208C314D009B8148 /* StandingsBO.swift */,
				ACEAB63A208C35D7009B8148 /* AllTeamsBO.swift */,
			);
			path = BusinessObjects;
			sourceTree = "<group>";
		};
		ACEAB645208D45CD009B8148 /* AllTeams */ = {
			isa = PBXGroup;
			children = (
				ACEAB641208CFEE5009B8148 /* AllTeamsCell.swift */,
				ACEAB642208CFEE5009B8148 /* AllTeamsCell.xib */,
			);
			path = AllTeams;
			sourceTree = "<group>";
		};
		ACEAB64C208D6911009B8148 /* MainFeed */ = {
			isa = PBXGroup;
			children = (
				ACEAB61120882657009B8148 /* Main.storyboard */,
				ACEAB60F20882657009B8148 /* MainFeedViewController.swift */,
			);
			path = MainFeed;
			sourceTree = "<group>";
		};
		ACEAB64D208D691A009B8148 /* AllTeams */ = {
			isa = PBXGroup;
			children = (
				ACEAB63F208CFCD9009B8148 /* AllTeamsViewController.swift */,
				ACEAB64A208D67A7009B8148 /* AllTeamsViewController.xib */,
			);
			path = AllTeams;
			sourceTree = "<group>";
		};
		ACEAB64E208D6928009B8148 /* Standings */ = {
			isa = PBXGroup;
			children = (
				ACEAB646208D61CE009B8148 /* StandingsViewController.swift */,
				ACEAB648208D64FC009B8148 /* StandingsViewController.xib */,
			);
			path = Standings;
			sourceTree = "<group>";
		};
		ACEAB64F208D6941009B8148 /* Standings */ = {
			isa = PBXGroup;
			children = (
				ACEAB61F20882A14009B8148 /* StandingsCell.swift */,
				ACEAB62020882A14009B8148 /* StandingsCell.xib */,
				ACEAB652208D862C009B8148 /* CompleteStandingsCell.swift */,
				ACEAB653208D862C009B8148 /* CompleteStandingsCell.xib */,
			);
			path = Standings;
			sourceTree = "<group>";
		};
/* End PBXGroup section */

/* Begin PBXNativeTarget section */
		ACEAB60920882657009B8148 /* NBA Teams */ = {
			isa = PBXNativeTarget;
			buildConfigurationList = ACEAB61C20882657009B8148 /* Build configuration list for PBXNativeTarget "NBA Teams" */;
			buildPhases = (
				ACEAB60620882657009B8148 /* Sources */,
				ACEAB60720882657009B8148 /* Frameworks */,
				ACEAB60820882657009B8148 /* Resources */,
			);
			buildRules = (
			);
			dependencies = (
			);
			name = "NBA Teams";
			productName = "NBA Teams";
			productReference = ACEAB60A20882657009B8148 /* NBA Teams.app */;
			productType = "com.apple.product-type.application";
		};
/* End PBXNativeTarget section */

/* Begin PBXProject section */
		ACEAB60220882657009B8148 /* Project object */ = {
			isa = PBXProject;
			attributes = {
				LastSwiftUpdateCheck = 0920;
				LastUpgradeCheck = 0920;
				ORGANIZATIONNAME = "Danilo Becke";
				TargetAttributes = {
					ACEAB60920882657009B8148 = {
						CreatedOnToolsVersion = 9.2;
						ProvisioningStyle = Automatic;
					};
				};
			};
			buildConfigurationList = ACEAB60520882657009B8148 /* Build configuration list for PBXProject "NBA Teams" */;
			compatibilityVersion = "Xcode 8.0";
			developmentRegion = en;
			hasScannedForEncodings = 0;
			knownRegions = (
				en,
				Base,
			);
			mainGroup = ACEAB60120882657009B8148;
			productRefGroup = ACEAB60B20882657009B8148 /* Products */;
			projectDirPath = "";
			projectRoot = "";
			targets = (
				ACEAB60920882657009B8148 /* NBA Teams */,
			);
		};
/* End PBXProject section */

/* Begin PBXResourcesBuildPhase section */
		ACEAB60820882657009B8148 /* Resources */ = {
			isa = PBXResourcesBuildPhase;
			buildActionMask = 2147483647;
			files = (
				ACEAB64B208D67A7009B8148 /* AllTeamsViewController.xib in Resources */,
				ACEAB649208D64FC009B8148 /* StandingsViewController.xib in Resources */,
				ACEAB61820882657009B8148 /* LaunchScreen.storyboard in Resources */,
				ACEAB62220882A14009B8148 /* StandingsCell.xib in Resources */,
				ACEAB644208CFEE5009B8148 /* AllTeamsCell.xib in Resources */,
				ACEAB61520882657009B8148 /* Assets.xcassets in Resources */,
				ACEAB655208D862C009B8148 /* CompleteStandingsCell.xib in Resources */,
				ACEAB61320882657009B8148 /* Main.storyboard in Resources */,
			);
			runOnlyForDeploymentPostprocessing = 0;
		};
/* End PBXResourcesBuildPhase section */

/* Begin PBXSourcesBuildPhase section */
		ACEAB60620882657009B8148 /* Sources */ = {
			isa = PBXSourcesBuildPhase;
			buildActionMask = 2147483647;
			files = (
				ACEAB62C208B8DFA009B8148 /* AllTeams.swift in Sources */,
				ACEAB61020882657009B8148 /* MainFeedViewController.swift in Sources */,
				ACEAB63B208C35D7009B8148 /* AllTeamsBO.swift in Sources */,
				ACEAB631208B986B009B8148 /* RestApiManager.swift in Sources */,
				ACEAB63E208C3975009B8148 /* CacheManager.swift in Sources */,
				ACEAB640208CFCD9009B8148 /* AllTeamsViewController.swift in Sources */,
				ACEAB62420882A84009B8148 /* FeedCell.swift in Sources */,
				ACEAB633208B997A009B8148 /* Routes.swift in Sources */,
				ACEAB62120882A14009B8148 /* StandingsCell.swift in Sources */,
				ACEAB639208C314D009B8148 /* StandingsBO.swift in Sources */,
				ACEAB654208D862C009B8148 /* CompleteStandingsCell.swift in Sources */,
				ACEAB62A208B8B5A009B8148 /* Standings.swift in Sources */,
				ACEAB60E20882657009B8148 /* AppDelegate.swift in Sources */,
				ACEAB643208CFEE5009B8148 /* AllTeamsCell.swift in Sources */,
				ACEAB62E208B9714009B8148 /* Extensions.swift in Sources */,
				ACEAB647208D61CE009B8148 /* StandingsViewController.swift in Sources */,
			);
			runOnlyForDeploymentPostprocessing = 0;
		};
/* End PBXSourcesBuildPhase section */

/* Begin PBXVariantGroup section */
		ACEAB61120882657009B8148 /* Main.storyboard */ = {
			isa = PBXVariantGroup;
			children = (
				ACEAB61220882657009B8148 /* Base */,
			);
			name = Main.storyboard;
			sourceTree = "<group>";
		};
		ACEAB61620882657009B8148 /* LaunchScreen.storyboard */ = {
			isa = PBXVariantGroup;
			children = (
				ACEAB61720882657009B8148 /* Base */,
			);
			name = LaunchScreen.storyboard;
			sourceTree = "<group>";
		};
/* End PBXVariantGroup section */

/* Begin XCBuildConfiguration section */
		ACEAB61A20882657009B8148 /* Debug */ = {
			isa = XCBuildConfiguration;
			buildSettings = {
				ALWAYS_SEARCH_USER_PATHS = NO;
				CLANG_ANALYZER_NONNULL = YES;
				CLANG_ANALYZER_NUMBER_OBJECT_CONVERSION = YES_AGGRESSIVE;
				CLANG_CXX_LANGUAGE_STANDARD = "gnu++14";
				CLANG_CXX_LIBRARY = "libc++";
				CLANG_ENABLE_MODULES = YES;
				CLANG_ENABLE_OBJC_ARC = YES;
				CLANG_WARN_BLOCK_CAPTURE_AUTORELEASING = YES;
				CLANG_WARN_BOOL_CONVERSION = YES;
				CLANG_WARN_COMMA = YES;
				CLANG_WARN_CONSTANT_CONVERSION = YES;
				CLANG_WARN_DIRECT_OBJC_ISA_USAGE = YES_ERROR;
				CLANG_WARN_DOCUMENTATION_COMMENTS = YES;
				CLANG_WARN_EMPTY_BODY = YES;
				CLANG_WARN_ENUM_CONVERSION = YES;
				CLANG_WARN_INFINITE_RECURSION = YES;
				CLANG_WARN_INT_CONVERSION = YES;
				CLANG_WARN_NON_LITERAL_NULL_CONVERSION = YES;
				CLANG_WARN_OBJC_LITERAL_CONVERSION = YES;
				CLANG_WARN_OBJC_ROOT_CLASS = YES_ERROR;
				CLANG_WARN_RANGE_LOOP_ANALYSIS = YES;
				CLANG_WARN_STRICT_PROTOTYPES = YES;
				CLANG_WARN_SUSPICIOUS_MOVE = YES;
				CLANG_WARN_UNGUARDED_AVAILABILITY = YES_AGGRESSIVE;
				CLANG_WARN_UNREACHABLE_CODE = YES;
				CLANG_WARN__DUPLICATE_METHOD_MATCH = YES;
				CODE_SIGN_IDENTITY = "iPhone Developer";
				COPY_PHASE_STRIP = NO;
				DEBUG_INFORMATION_FORMAT = dwarf;
				ENABLE_STRICT_OBJC_MSGSEND = YES;
				ENABLE_TESTABILITY = YES;
				GCC_C_LANGUAGE_STANDARD = gnu11;
				GCC_DYNAMIC_NO_PIC = NO;
				GCC_NO_COMMON_BLOCKS = YES;
				GCC_OPTIMIZATION_LEVEL = 0;
				GCC_PREPROCESSOR_DEFINITIONS = (
					"DEBUG=1",
					"$(inherited)",
				);
				GCC_WARN_64_TO_32_BIT_CONVERSION = YES;
				GCC_WARN_ABOUT_RETURN_TYPE = YES_ERROR;
				GCC_WARN_UNDECLARED_SELECTOR = YES;
				GCC_WARN_UNINITIALIZED_AUTOS = YES_AGGRESSIVE;
				GCC_WARN_UNUSED_FUNCTION = YES;
				GCC_WARN_UNUSED_VARIABLE = YES;
				IPHONEOS_DEPLOYMENT_TARGET = 11.2;
				MTL_ENABLE_DEBUG_INFO = YES;
				ONLY_ACTIVE_ARCH = YES;
				SDKROOT = iphoneos;
				SWIFT_ACTIVE_COMPILATION_CONDITIONS = DEBUG;
				SWIFT_OPTIMIZATION_LEVEL = "-Onone";
			};
			name = Debug;
		};
		ACEAB61B20882657009B8148 /* Release */ = {
			isa = XCBuildConfiguration;
			buildSettings = {
				ALWAYS_SEARCH_USER_PATHS = NO;
				CLANG_ANALYZER_NONNULL = YES;
				CLANG_ANALYZER_NUMBER_OBJECT_CONVERSION = YES_AGGRESSIVE;
				CLANG_CXX_LANGUAGE_STANDARD = "gnu++14";
				CLANG_CXX_LIBRARY = "libc++";
				CLANG_ENABLE_MODULES = YES;
				CLANG_ENABLE_OBJC_ARC = YES;
				CLANG_WARN_BLOCK_CAPTURE_AUTORELEASING = YES;
				CLANG_WARN_BOOL_CONVERSION = YES;
				CLANG_WARN_COMMA = YES;
				CLANG_WARN_CONSTANT_CONVERSION = YES;
				CLANG_WARN_DIRECT_OBJC_ISA_USAGE = YES_ERROR;
				CLANG_WARN_DOCUMENTATION_COMMENTS = YES;
				CLANG_WARN_EMPTY_BODY = YES;
				CLANG_WARN_ENUM_CONVERSION = YES;
				CLANG_WARN_INFINITE_RECURSION = YES;
				CLANG_WARN_INT_CONVERSION = YES;
				CLANG_WARN_NON_LITERAL_NULL_CONVERSION = YES;
				CLANG_WARN_OBJC_LITERAL_CONVERSION = YES;
				CLANG_WARN_OBJC_ROOT_CLASS = YES_ERROR;
				CLANG_WARN_RANGE_LOOP_ANALYSIS = YES;
				CLANG_WARN_STRICT_PROTOTYPES = YES;
				CLANG_WARN_SUSPICIOUS_MOVE = YES;
				CLANG_WARN_UNGUARDED_AVAILABILITY = YES_AGGRESSIVE;
				CLANG_WARN_UNREACHABLE_CODE = YES;
				CLANG_WARN__DUPLICATE_METHOD_MATCH = YES;
				CODE_SIGN_IDENTITY = "iPhone Developer";
				COPY_PHASE_STRIP = NO;
				DEBUG_INFORMATION_FORMAT = "dwarf-with-dsym";
				ENABLE_NS_ASSERTIONS = NO;
				ENABLE_STRICT_OBJC_MSGSEND = YES;
				GCC_C_LANGUAGE_STANDARD = gnu11;
				GCC_NO_COMMON_BLOCKS = YES;
				GCC_WARN_64_TO_32_BIT_CONVERSION = YES;
				GCC_WARN_ABOUT_RETURN_TYPE = YES_ERROR;
				GCC_WARN_UNDECLARED_SELECTOR = YES;
				GCC_WARN_UNINITIALIZED_AUTOS = YES_AGGRESSIVE;
				GCC_WARN_UNUSED_FUNCTION = YES;
				GCC_WARN_UNUSED_VARIABLE = YES;
				IPHONEOS_DEPLOYMENT_TARGET = 11.2;
				MTL_ENABLE_DEBUG_INFO = NO;
				SDKROOT = iphoneos;
				SWIFT_OPTIMIZATION_LEVEL = "-Owholemodule";
				VALIDATE_PRODUCT = YES;
			};
			name = Release;
		};
		ACEAB61D20882657009B8148 /* Debug */ = {
			isa = XCBuildConfiguration;
			buildSettings = {
				ASSETCATALOG_COMPILER_APPICON_NAME = AppIcon;
				CODE_SIGN_STYLE = Automatic;
				DEVELOPMENT_TEAM = G52JHG5LJN;
				INFOPLIST_FILE = "NBA Teams/Info.plist";
				IPHONEOS_DEPLOYMENT_TARGET = 10.0;
				LD_RUNPATH_SEARCH_PATHS = "$(inherited) @executable_path/Frameworks";
				PRODUCT_BUNDLE_IDENTIFIER = "danilobecke.NBA-Teams";
				PRODUCT_NAME = "$(TARGET_NAME)";
				SWIFT_VERSION = 4.0;
				TARGETED_DEVICE_FAMILY = 1;
			};
			name = Debug;
		};
		ACEAB61E20882657009B8148 /* Release */ = {
			isa = XCBuildConfiguration;
			buildSettings = {
				ASSETCATALOG_COMPILER_APPICON_NAME = AppIcon;
				CODE_SIGN_STYLE = Automatic;
				DEVELOPMENT_TEAM = G52JHG5LJN;
				INFOPLIST_FILE = "NBA Teams/Info.plist";
				IPHONEOS_DEPLOYMENT_TARGET = 10.0;
				LD_RUNPATH_SEARCH_PATHS = "$(inherited) @executable_path/Frameworks";
				PRODUCT_BUNDLE_IDENTIFIER = "danilobecke.NBA-Teams";
				PRODUCT_NAME = "$(TARGET_NAME)";
				SWIFT_VERSION = 4.0;
				TARGETED_DEVICE_FAMILY = 1;
			};
			name = Release;
		};
/* End XCBuildConfiguration section */

/* Begin XCConfigurationList section */
		ACEAB60520882657009B8148 /* Build configuration list for PBXProject "NBA Teams" */ = {
			isa = XCConfigurationList;
			buildConfigurations = (
				ACEAB61A20882657009B8148 /* Debug */,
				ACEAB61B20882657009B8148 /* Release */,
			);
			defaultConfigurationIsVisible = 0;
			defaultConfigurationName = Release;
		};
		ACEAB61C20882657009B8148 /* Build configuration list for PBXNativeTarget "NBA Teams" */ = {
			isa = XCConfigurationList;
			buildConfigurations = (
				ACEAB61D20882657009B8148 /* Debug */,
				ACEAB61E20882657009B8148 /* Release */,
			);
			defaultConfigurationIsVisible = 0;
			defaultConfigurationName = Release;
		};
/* End XCConfigurationList section */
	};
	rootObject = ACEAB60220882657009B8148 /* Project object */;
}
